// !$*UTF8*$!
{
	archiveVersion = 1;
	classes = {
	};
	objectVersion = 50;
	objects = {

/* Begin PBXBuildFile section */
		04DFBA5023C47AE100615637 /* AppDelegate.swift in Sources */ = {isa = PBXBuildFile; fileRef = 04DFBA4F23C47AE100615637 /* AppDelegate.swift */; };
		04DFBA5223C47AE100615637 /* SceneDelegate.swift in Sources */ = {isa = PBXBuildFile; fileRef = 04DFBA5123C47AE100615637 /* SceneDelegate.swift */; };
		04DFBA5423C47AE100615637 /* ViewController.swift in Sources */ = {isa = PBXBuildFile; fileRef = 04DFBA5323C47AE100615637 /* ViewController.swift */; };
		04DFBA5723C47AE100615637 /* Main.storyboard in Resources */ = {isa = PBXBuildFile; fileRef = 04DFBA5523C47AE100615637 /* Main.storyboard */; };
		04DFBA5923C47AE200615637 /* Assets.xcassets in Resources */ = {isa = PBXBuildFile; fileRef = 04DFBA5823C47AE200615637 /* Assets.xcassets */; };
		04DFBA5C23C47AE200615637 /* LaunchScreen.storyboard in Resources */ = {isa = PBXBuildFile; fileRef = 04DFBA5A23C47AE200615637 /* LaunchScreen.storyboard */; };
		04DFBA6623C47B4700615637 /* MainWeather.swift in Sources */ = {isa = PBXBuildFile; fileRef = 04DFBA6523C47B4700615637 /* MainWeather.swift */; };
		04DFBA6923C4826D00615637 /* Webservice.swift in Sources */ = {isa = PBXBuildFile; fileRef = 04DFBA6823C4826D00615637 /* Webservice.swift */; };
		04DFBA6C23C482A000615637 /* Constants.swift in Sources */ = {isa = PBXBuildFile; fileRef = 04DFBA6B23C482A000615637 /* Constants.swift */; };
/* End PBXBuildFile section */

/* Begin PBXFileReference section */
		04DFBA4C23C47AE100615637 /* XWeather.app */ = {isa = PBXFileReference; explicitFileType = wrapper.application; includeInIndex = 0; path = XWeather.app; sourceTree = BUILT_PRODUCTS_DIR; };
		04DFBA4F23C47AE100615637 /* AppDelegate.swift */ = {isa = PBXFileReference; lastKnownFileType = sourcecode.swift; path = AppDelegate.swift; sourceTree = "<group>"; };
		04DFBA5123C47AE100615637 /* SceneDelegate.swift */ = {isa = PBXFileReference; lastKnownFileType = sourcecode.swift; path = SceneDelegate.swift; sourceTree = "<group>"; };
		04DFBA5323C47AE100615637 /* ViewController.swift */ = {isa = PBXFileReference; lastKnownFileType = sourcecode.swift; path = ViewController.swift; sourceTree = "<group>"; };
		04DFBA5623C47AE100615637 /* Base */ = {isa = PBXFileReference; lastKnownFileType = file.storyboard; name = Base; path = Base.lproj/Main.storyboard; sourceTree = "<group>"; };
		04DFBA5823C47AE200615637 /* Assets.xcassets */ = {isa = PBXFileReference; lastKnownFileType = folder.assetcatalog; path = Assets.xcassets; sourceTree = "<group>"; };
		04DFBA5B23C47AE200615637 /* Base */ = {isa = PBXFileReference; lastKnownFileType = file.storyboard; name = Base; path = Base.lproj/LaunchScreen.storyboard; sourceTree = "<group>"; };
		04DFBA5D23C47AE200615637 /* Info.plist */ = {isa = PBXFileReference; lastKnownFileType = text.plist.xml; path = Info.plist; sourceTree = "<group>"; };
		04DFBA6523C47B4700615637 /* MainWeather.swift */ = {isa = PBXFileReference; lastKnownFileType = sourcecode.swift; path = MainWeather.swift; sourceTree = "<group>"; };
		04DFBA6823C4826D00615637 /* Webservice.swift */ = {isa = PBXFileReference; lastKnownFileType = sourcecode.swift; path = Webservice.swift; sourceTree = "<group>"; };
		04DFBA6B23C482A000615637 /* Constants.swift */ = {isa = PBXFileReference; lastKnownFileType = sourcecode.swift; path = Constants.swift; sourceTree = "<group>"; };
/* End PBXFileReference section */

/* Begin PBXFrameworksBuildPhase section */
		04DFBA4923C47AE100615637 /* Frameworks */ = {
			isa = PBXFrameworksBuildPhase;
			buildActionMask = 2147483647;
			files = (
			);
			runOnlyForDeploymentPostprocessing = 0;
		};
/* End PBXFrameworksBuildPhase section */

/* Begin PBXGroup section */
		04DFBA4323C47AE100615637 = {
			isa = PBXGroup;
			children = (
				04DFBA6323C47B1B00615637 /* Lib */,
				04DFBA4E23C47AE100615637 /* CombineWeather */,
				04DFBA4D23C47AE100615637 /* Products */,
			);
			sourceTree = "<group>";
		};
		04DFBA4D23C47AE100615637 /* Products */ = {
			isa = PBXGroup;
			children = (
				04DFBA4C23C47AE100615637 /* XWeather.app */,
			);
			name = Products;
			sourceTree = "<group>";
		};
		04DFBA4E23C47AE100615637 /* CombineWeather */ = {
			isa = PBXGroup;
			children = (
				04DFBA4F23C47AE100615637 /* AppDelegate.swift */,
				04DFBA5123C47AE100615637 /* SceneDelegate.swift */,
				04DFBA5323C47AE100615637 /* ViewController.swift */,
				04DFBA5523C47AE100615637 /* Main.storyboard */,
				04DFBA5823C47AE200615637 /* Assets.xcassets */,
				04DFBA5A23C47AE200615637 /* LaunchScreen.storyboard */,
				04DFBA5D23C47AE200615637 /* Info.plist */,
			);
			path = CombineWeather;
			sourceTree = "<group>";
		};
		04DFBA6323C47B1B00615637 /* Lib */ = {
			isa = PBXGroup;
			children = (
				04DFBA6A23C4829100615637 /* Utils */,
				04DFBA6723C4813C00615637 /* Services */,
				04DFBA6423C47B2300615637 /* Models */,
			);
			path = Lib;
			sourceTree = "<group>";
		};
		04DFBA6423C47B2300615637 /* Models */ = {
			isa = PBXGroup;
			children = (
				04DFBA6523C47B4700615637 /* MainWeather.swift */,
			);
			path = Models;
			sourceTree = "<group>";
		};
		04DFBA6723C4813C00615637 /* Services */ = {
			isa = PBXGroup;
			children = (
				04DFBA6823C4826D00615637 /* Webservice.swift */,
			);
			path = Services;
			sourceTree = "<group>";
		};
		04DFBA6A23C4829100615637 /* Utils */ = {
			isa = PBXGroup;
			children = (
				04DFBA6B23C482A000615637 /* Constants.swift */,
			);
			path = Utils;
			sourceTree = "<group>";
		};
/* End PBXGroup section */

/* Begin PBXNativeTarget section */
		04DFBA4B23C47AE100615637 /* CombineWeather */ = {
			isa = PBXNativeTarget;
			buildConfigurationList = 04DFBA6023C47AE200615637 /* Build configuration list for PBXNativeTarget "CombineWeather" */;
			buildPhases = (
				04DFBA4823C47AE100615637 /* Sources */,
				04DFBA4923C47AE100615637 /* Frameworks */,
				04DFBA4A23C47AE100615637 /* Resources */,
			);
			buildRules = (
			);
			dependencies = (
			);
			name = CombineWeather;
			productName = CombineWeather;
			productReference = 04DFBA4C23C47AE100615637 /* XWeather.app */;
			productType = "com.apple.product-type.application";
		};
/* End PBXNativeTarget section */

/* Begin PBXProject section */
		04DFBA4423C47AE100615637 /* Project object */ = {
			isa = PBXProject;
			attributes = {
				LastSwiftUpdateCheck = 1130;
				LastUpgradeCheck = 1130;
				ORGANIZATIONNAME = Lammax;
				TargetAttributes = {
					04DFBA4B23C47AE100615637 = {
						CreatedOnToolsVersion = 11.3;
					};
				};
			};
			buildConfigurationList = 04DFBA4723C47AE100615637 /* Build configuration list for PBXProject "CombineWeather" */;
			compatibilityVersion = "Xcode 9.3";
			developmentRegion = en;
			hasScannedForEncodings = 0;
			knownRegions = (
				en,
				Base,
			);
			mainGroup = 04DFBA4323C47AE100615637;
			productRefGroup = 04DFBA4D23C47AE100615637 /* Products */;
			projectDirPath = "";
			projectRoot = "";
			targets = (
				04DFBA4B23C47AE100615637 /* CombineWeather */,
			);
		};
/* End PBXProject section */

/* Begin PBXResourcesBuildPhase section */
		04DFBA4A23C47AE100615637 /* Resources */ = {
			isa = PBXResourcesBuildPhase;
			buildActionMask = 2147483647;
			files = (
				04DFBA5C23C47AE200615637 /* LaunchScreen.storyboard in Resources */,
				04DFBA5923C47AE200615637 /* Assets.xcassets in Resources */,
				04DFBA5723C47AE100615637 /* Main.storyboard in Resources */,
			);
			runOnlyForDeploymentPostprocessing = 0;
		};
/* End PBXResourcesBuildPhase section */

/* Begin PBXSourcesBuildPhase section */
		04DFBA4823C47AE100615637 /* Sources */ = {
			isa = PBXSourcesBuildPhase;
			buildActionMask = 2147483647;
			files = (
				04DFBA6623C47B4700615637 /* MainWeather.swift in Sources */,
				04DFBA5423C47AE100615637 /* ViewController.swift in Sources */,
				04DFBA5023C47AE100615637 /* AppDelegate.swift in Sources */,
				04DFBA6923C4826D00615637 /* Webservice.swift in Sources */,
				04DFBA5223C47AE100615637 /* SceneDelegate.swift in Sources */,
				04DFBA6C23C482A000615637 /* Constants.swift in Sources */,
			);
			runOnlyForDeploymentPostprocessing = 0;
		};
/* End PBXSourcesBuildPhase section */

/* Begin PBXVariantGroup section */
		04DFBA5523C47AE100615637 /* Main.storyboard */ = {
			isa = PBXVariantGroup;
			children = (
				04DFBA5623C47AE100615637 /* Base */,
			);
			name = Main.storyboard;
			sourceTree = "<group>";
		};
		04DFBA5A23C47AE200615637 /* LaunchScreen.storyboard */ = {
			isa = PBXVariantGroup;
			children = (
				04DFBA5B23C47AE200615637 /* Base */,
			);
			name = LaunchScreen.storyboard;
			sourceTree = "<group>";
		};
/* End PBXVariantGroup section */

/* Begin XCBuildConfiguration section */
		04DFBA5E23C47AE200615637 /* Debug */ = {
			isa = XCBuildConfiguration;
			buildSettings = {
				ALWAYS_SEARCH_USER_PATHS = NO;
				CLANG_ANALYZER_NONNULL = YES;
				CLANG_ANALYZER_NUMBER_OBJECT_CONVERSION = YES_AGGRESSIVE;
				CLANG_CXX_LANGUAGE_STANDARD = "gnu++14";
				CLANG_CXX_LIBRARY = "libc++";
				CLANG_ENABLE_MODULES = YES;
				CLANG_ENABLE_OBJC_ARC = YES;
				CLANG_ENABLE_OBJC_WEAK = YES;
				CLANG_WARN_BLOCK_CAPTURE_AUTORELEASING = YES;
				CLANG_WARN_BOOL_CONVERSION = YES;
				CLANG_WARN_COMMA = YES;
				CLANG_WARN_CONSTANT_CONVERSION = YES;
				CLANG_WARN_DEPRECATED_OBJC_IMPLEMENTATIONS = YES;
				CLANG_WARN_DIRECT_OBJC_ISA_USAGE = YES_ERROR;
				CLANG_WARN_DOCUMENTATION_COMMENTS = YES;
				CLANG_WARN_EMPTY_BODY = YES;
				CLANG_WARN_ENUM_CONVERSION = YES;
				CLANG_WARN_INFINITE_RECURSION = YES;
				CLANG_WARN_INT_CONVERSION = YES;
				CLANG_WARN_NON_LITERAL_NULL_CONVERSION = YES;
				CLANG_WARN_OBJC_IMPLICIT_RETAIN_SELF = YES;
				CLANG_WARN_OBJC_LITERAL_CONVERSION = YES;
				CLANG_WARN_OBJC_ROOT_CLASS = YES_ERROR;
				CLANG_WARN_RANGE_LOOP_ANALYSIS = YES;
				CLANG_WARN_STRICT_PROTOTYPES = YES;
				CLANG_WARN_SUSPICIOUS_MOVE = YES;
				CLANG_WARN_UNGUARDED_AVAILABILITY = YES_AGGRESSIVE;
				CLANG_WARN_UNREACHABLE_CODE = YES;
				CLANG_WARN__DUPLICATE_METHOD_MATCH = YES;
				COPY_PHASE_STRIP = NO;
				DEBUG_INFORMATION_FORMAT = dwarf;
				ENABLE_STRICT_OBJC_MSGSEND = YES;
				ENABLE_TESTABILITY = YES;
				GCC_C_LANGUAGE_STANDARD = gnu11;
				GCC_DYNAMIC_NO_PIC = NO;
				GCC_NO_COMMON_BLOCKS = YES;
				GCC_OPTIMIZATION_LEVEL = 0;
				GCC_PREPROCESSOR_DEFINITIONS = (
					"DEBUG=1",
					"$(inherited)",
				);
				GCC_WARN_64_TO_32_BIT_CONVERSION = YES;
				GCC_WARN_ABOUT_RETURN_TYPE = YES_ERROR;
				GCC_WARN_UNDECLARED_SELECTOR = YES;
				GCC_WARN_UNINITIALIZED_AUTOS = YES_AGGRESSIVE;
				GCC_WARN_UNUSED_FUNCTION = YES;
				GCC_WARN_UNUSED_VARIABLE = YES;
				IPHONEOS_DEPLOYMENT_TARGET = 13.2;
				MTL_ENABLE_DEBUG_INFO = INCLUDE_SOURCE;
				MTL_FAST_MATH = YES;
				ONLY_ACTIVE_ARCH = YES;
				SDKROOT = iphoneos;
				SWIFT_ACTIVE_COMPILATION_CONDITIONS = DEBUG;
				SWIFT_OPTIMIZATION_LEVEL = "-Onone";
			};
			name = Debug;
		};
		04DFBA5F23C47AE200615637 /* Release */ = {
			isa = XCBuildConfiguration;
			buildSettings = {
				ALWAYS_SEARCH_USER_PATHS = NO;
				CLANG_ANALYZER_NONNULL = YES;
				CLANG_ANALYZER_NUMBER_OBJECT_CONVERSION = YES_AGGRESSIVE;
				CLANG_CXX_LANGUAGE_STANDARD = "gnu++14";
				CLANG_CXX_LIBRARY = "libc++";
				CLANG_ENABLE_MODULES = YES;
				CLANG_ENABLE_OBJC_ARC = YES;
				CLANG_ENABLE_OBJC_WEAK = YES;
				CLANG_WARN_BLOCK_CAPTURE_AUTORELEASING = YES;
				CLANG_WARN_BOOL_CONVERSION = YES;
				CLANG_WARN_COMMA = YES;
				CLANG_WARN_CONSTANT_CONVERSION = YES;
				CLANG_WARN_DEPRECATED_OBJC_IMPLEMENTATIONS = YES;
				CLANG_WARN_DIRECT_OBJC_ISA_USAGE = YES_ERROR;
				CLANG_WARN_DOCUMENTATION_COMMENTS = YES;
				CLANG_WARN_EMPTY_BODY = YES;
				CLANG_WARN_ENUM_CONVERSION = YES;
				CLANG_WARN_INFINITE_RECURSION = YES;
				CLANG_WARN_INT_CONVERSION = YES;
				CLANG_WARN_NON_LITERAL_NULL_CONVERSION = YES;
				CLANG_WARN_OBJC_IMPLICIT_RETAIN_SELF = YES;
				CLANG_WARN_OBJC_LITERAL_CONVERSION = YES;
				CLANG_WARN_OBJC_ROOT_CLASS = YES_ERROR;
				CLANG_WARN_RANGE_LOOP_ANALYSIS = YES;
				CLANG_WARN_STRICT_PROTOTYPES = YES;
				CLANG_WARN_SUSPICIOUS_MOVE = YES;
				CLANG_WARN_UNGUARDED_AVAILABILITY = YES_AGGRESSIVE;
				CLANG_WARN_UNREACHABLE_CODE = YES;
				CLANG_WARN__DUPLICATE_METHOD_MATCH = YES;
				COPY_PHASE_STRIP = NO;
				DEBUG_INFORMATION_FORMAT = "dwarf-with-dsym";
				ENABLE_NS_ASSERTIONS = NO;
				ENABLE_STRICT_OBJC_MSGSEND = YES;
				GCC_C_LANGUAGE_STANDARD = gnu11;
				GCC_NO_COMMON_BLOCKS = YES;
				GCC_WARN_64_TO_32_BIT_CONVERSION = YES;
				GCC_WARN_ABOUT_RETURN_TYPE = YES_ERROR;
				GCC_WARN_UNDECLARED_SELECTOR = YES;
				GCC_WARN_UNINITIALIZED_AUTOS = YES_AGGRESSIVE;
				GCC_WARN_UNUSED_FUNCTION = YES;
				GCC_WARN_UNUSED_VARIABLE = YES;
				IPHONEOS_DEPLOYMENT_TARGET = 13.2;
				MTL_ENABLE_DEBUG_INFO = NO;
				MTL_FAST_MATH = YES;
				SDKROOT = iphoneos;
				SWIFT_COMPILATION_MODE = wholemodule;
				SWIFT_OPTIMIZATION_LEVEL = "-O";
				VALIDATE_PRODUCT = YES;
			};
			name = Release;
		};
		04DFBA6123C47AE200615637 /* Debug */ = {
			isa = XCBuildConfiguration;
			buildSettings = {
				ASSETCATALOG_COMPILER_APPICON_NAME = AppIcon;
				CODE_SIGN_STYLE = Automatic;
				CURRENT_PROJECT_VERSION = 2;
				DEVELOPMENT_TEAM = Z8JVJD6M2F;
				INFOPLIST_FILE = CombineWeather/Info.plist;
				LD_RUNPATH_SEARCH_PATHS = (
					"$(inherited)",
					"@executable_path/Frameworks",
				);
				PRODUCT_BUNDLE_IDENTIFIER = com.lammax.ios.study.weather;
				PRODUCT_NAME = XWeather;
				SWIFT_VERSION = 5.0;
				TARGETED_DEVICE_FAMILY = "1,2";
			};
			name = Debug;
		};
		04DFBA6223C47AE200615637 /* Release */ = {
			isa = XCBuildConfiguration;
			buildSettings = {
				ASSETCATALOG_COMPILER_APPICON_NAME = AppIcon;
				CODE_SIGN_STYLE = Automatic;
				CURRENT_PROJECT_VERSION = 2;
				DEVELOPMENT_TEAM = Z8JVJD6M2F;
				INFOPLIST_FILE = CombineWeather/Info.plist;
				LD_RUNPATH_SEARCH_PATHS = (
					"$(inherited)",
					"@executable_path/Frameworks",
				);
				PRODUCT_BUNDLE_IDENTIFIER = com.lammax.ios.study.weather;
				PRODUCT_NAME = XWeather;
				SWIFT_VERSION = 5.0;
				TARGETED_DEVICE_FAMILY = "1,2";
			};
			name = Release;
		};
/* End XCBuildConfiguration section */

/* Begin XCConfigurationList section */
		04DFBA4723C47AE100615637 /* Build configuration list for PBXProject "CombineWeather" */ = {
			isa = XCConfigurationList;
			buildConfigurations = (
				04DFBA5E23C47AE200615637 /* Debug */,
				04DFBA5F23C47AE200615637 /* Release */,
			);
			defaultConfigurationIsVisible = 0;
			defaultConfigurationName = Release;
		};
		04DFBA6023C47AE200615637 /* Build configuration list for PBXNativeTarget "CombineWeather" */ = {
			isa = XCConfigurationList;
			buildConfigurations = (
				04DFBA6123C47AE200615637 /* Debug */,
				04DFBA6223C47AE200615637 /* Release */,
			);
			defaultConfigurationIsVisible = 0;
			defaultConfigurationName = Release;
		};
/* End XCConfigurationList section */
	};
	rootObject = 04DFBA4423C47AE100615637 /* Project object */;
}
